
Microsoft Visual Studio Solution File, Format Version 12.00
# Visual Studio Version 17
VisualStudioVersion = 17.0.31903.59
MinimumVisualStudioVersion = 10.0.40219.1
Project("{9A19103F-16F7-4668-BE54-9A1E7A4F7556}") = "WebApi", "WebApi\WebApi.csproj", "{56CE8B6B-F672-4AB1-A1A8-666AE642E0D6}"
EndProject
Project("{FAE04EC0-301F-11D3-BF4B-00C04F79EFBC}") = "Entities", "Entities\Entities.csproj", "{59B47DDF-D334-4BD3-AA37-DB12985F6085}"
EndProject
Project("{FAE04EC0-301F-11D3-BF4B-00C04F79EFBC}") = "Repositories", "Repositories\Repositories.csproj", "{0C892FB0-3DE1-4924-8C7F-51E6D8907952}"
EndProject
Global
	GlobalSection(SolutionConfigurationPlatforms) = preSolution
		Debug|Any CPU = Debug|Any CPU
		Release|Any CPU = Release|Any CPU
	EndGlobalSection
	GlobalSection(ProjectConfigurationPlatforms) = postSolution
		{56CE8B6B-F672-4AB1-A1A8-666AE642E0D6}.Debug|Any CPU.ActiveCfg = Debug|Any CPU
		{56CE8B6B-F672-4AB1-A1A8-666AE642E0D6}.Debug|Any CPU.Build.0 = Debug|Any CPU
		{56CE8B6B-F672-4AB1-A1A8-666AE642E0D6}.Release|Any CPU.ActiveCfg = Release|Any CPU
		{56CE8B6B-F672-4AB1-A1A8-666AE642E0D6}.Release|Any CPU.Build.0 = Release|Any CPU
		{59B47DDF-D334-4BD3-AA37-DB12985F6085}.Debug|Any CPU.ActiveCfg = Debug|Any CPU
		{59B47DDF-D334-4BD3-AA37-DB12985F6085}.Debug|Any CPU.Build.0 = Debug|Any CPU
		{59B47DDF-D334-4BD3-AA37-DB12985F6085}.Release|Any CPU.ActiveCfg = Release|Any CPU
		{59B47DDF-D334-4BD3-AA37-DB12985F6085}.Release|Any CPU.Build.0 = Release|Any CPU
		{0C892FB0-3DE1-4924-8C7F-51E6D8907952}.Debug|Any CPU.ActiveCfg = Debug|Any CPU
		{0C892FB0-3DE1-4924-8C7F-51E6D8907952}.Debug|Any CPU.Build.0 = Debug|Any CPU
		{0C892FB0-3DE1-4924-8C7F-51E6D8907952}.Release|Any CPU.ActiveCfg = Release|Any CPU
		{0C892FB0-3DE1-4924-8C7F-51E6D8907952}.Release|Any CPU.Build.0 = Release|Any CPU
	EndGlobalSection
	GlobalSection(SolutionProperties) = preSolution
		HideSolutionNode = FALSE
	EndGlobalSection
	GlobalSection(ExtensibilityGlobals) = postSolution
		SolutionGuid = {CE0D8A24-9043-4FC8-A518-858020AE9F97}
	EndGlobalSection
EndGlobal
